
Microsoft Visual Studio Solution File, Format Version 12.00
# Visual Studio 15
VisualStudioVersion = 15.0.28307.421
MinimumVisualStudioVersion = 10.0.40219.1
Project("{FAE04EC0-301F-11D3-BF4B-00C04F79EFBC}") = "DataProvider", "DataProvider\DataProvider.csproj", "{A8F23F0B-ACA3-48C2-BFEC-025217C9E61A}"
EndProject
Global
	GlobalSection(SolutionConfigurationPlatforms) = preSolution
		Debug|Any CPU = Debug|Any CPU
		Release|Any CPU = Release|Any CPU
	EndGlobalSection
	GlobalSection(ProjectConfigurationPlatforms) = postSolution
		{A8F23F0B-ACA3-48C2-BFEC-025217C9E61A}.Debug|Any CPU.ActiveCfg = Debug|Any CPU
		{A8F23F0B-ACA3-48C2-BFEC-025217C9E61A}.Debug|Any CPU.Build.0 = Debug|Any CPU
		{A8F23F0B-ACA3-48C2-BFEC-025217C9E61A}.Release|Any CPU.ActiveCfg = Release|Any CPU
		{A8F23F0B-ACA3-48C2-BFEC-025217C9E61A}.Release|Any CPU.Build.0 = Release|Any CPU
	EndGlobalSection
	GlobalSection(SolutionProperties) = preSolution
		HideSolutionNode = FALSE
	EndGlobalSection
	GlobalSection(ExtensibilityGlobals) = postSolution
		SolutionGuid = {AF9A6ADC-9081-4B85-B8EE-5905FF0E0EDB}
	EndGlobalSection
EndGlobal
